
Microsoft Visual Studio Solution File, Format Version 12.00
# Visual Studio Version 17
VisualStudioVersion = 17.3.32819.101
MinimumVisualStudioVersion = 10.0.40219.1
Project("{FAE04EC0-301F-11D3-BF4B-00C04F79EFBC}") = "TestTask1", "TestTask1\TestTask1.csproj", "{FA3EF3CB-0B15-4911-8BE9-54D5DA2E2A1C}"
EndProject
Global
	GlobalSection(SolutionConfigurationPlatforms) = preSolution
		Debug|Any CPU = Debug|Any CPU
		Release|Any CPU = Release|Any CPU
	EndGlobalSection
	GlobalSection(ProjectConfigurationPlatforms) = postSolution
		{FA3EF3CB-0B15-4911-8BE9-54D5DA2E2A1C}.Debug|Any CPU.ActiveCfg = Debug|Any CPU
		{FA3EF3CB-0B15-4911-8BE9-54D5DA2E2A1C}.Debug|Any CPU.Build.0 = Debug|Any CPU
		{FA3EF3CB-0B15-4911-8BE9-54D5DA2E2A1C}.Release|Any CPU.ActiveCfg = Release|Any CPU
		{FA3EF3CB-0B15-4911-8BE9-54D5DA2E2A1C}.Release|Any CPU.Build.0 = Release|Any CPU
	EndGlobalSection
	GlobalSection(SolutionProperties) = preSolution
		HideSolutionNode = FALSE
	EndGlobalSection
	GlobalSection(ExtensibilityGlobals) = postSolution
		SolutionGuid = {7A1C9ABF-76E0-48A9-9075-A62B7C2EC24B}
	EndGlobalSection
EndGlobal
