
Microsoft Visual Studio Solution File, Format Version 12.00
# Visual Studio Version 17
VisualStudioVersion = 17.4.33213.308
MinimumVisualStudioVersion = 10.0.40219.1
Project("{FAE04EC0-301F-11D3-BF4B-00C04F79EFBC}") = "miltiplicationTable", "miltiplicationTable\miltiplicationTable.csproj", "{A49A6C65-F4C1-4128-9C6A-C53F61425825}"
EndProject
Global
	GlobalSection(SolutionConfigurationPlatforms) = preSolution
		Debug|Any CPU = Debug|Any CPU
		Release|Any CPU = Release|Any CPU
	EndGlobalSection
	GlobalSection(ProjectConfigurationPlatforms) = postSolution
		{A49A6C65-F4C1-4128-9C6A-C53F61425825}.Debug|Any CPU.ActiveCfg = Debug|Any CPU
		{A49A6C65-F4C1-4128-9C6A-C53F61425825}.Debug|Any CPU.Build.0 = Debug|Any CPU
		{A49A6C65-F4C1-4128-9C6A-C53F61425825}.Release|Any CPU.ActiveCfg = Release|Any CPU
		{A49A6C65-F4C1-4128-9C6A-C53F61425825}.Release|Any CPU.Build.0 = Release|Any CPU
	EndGlobalSection
	GlobalSection(SolutionProperties) = preSolution
		HideSolutionNode = FALSE
	EndGlobalSection
	GlobalSection(ExtensibilityGlobals) = postSolution
		SolutionGuid = {90EEE93B-5CE2-4866-BE57-6892A556D360}
	EndGlobalSection
EndGlobal
