
Microsoft Visual Studio Solution File, Format Version 12.00
# Visual Studio Version 17
VisualStudioVersion = 17.3.32819.101
MinimumVisualStudioVersion = 10.0.40219.1
Project("{FAE04EC0-301F-11D3-BF4B-00C04F79EFBC}") = "array", "array\array.csproj", "{9EAFFA3C-D7EA-425A-A9A6-138A9E317B92}"
EndProject
Global
	GlobalSection(SolutionConfigurationPlatforms) = preSolution
		Debug|Any CPU = Debug|Any CPU
		Release|Any CPU = Release|Any CPU
	EndGlobalSection
	GlobalSection(ProjectConfigurationPlatforms) = postSolution
		{9EAFFA3C-D7EA-425A-A9A6-138A9E317B92}.Debug|Any CPU.ActiveCfg = Debug|Any CPU
		{9EAFFA3C-D7EA-425A-A9A6-138A9E317B92}.Debug|Any CPU.Build.0 = Debug|Any CPU
		{9EAFFA3C-D7EA-425A-A9A6-138A9E317B92}.Release|Any CPU.ActiveCfg = Release|Any CPU
		{9EAFFA3C-D7EA-425A-A9A6-138A9E317B92}.Release|Any CPU.Build.0 = Release|Any CPU
	EndGlobalSection
	GlobalSection(SolutionProperties) = preSolution
		HideSolutionNode = FALSE
	EndGlobalSection
	GlobalSection(ExtensibilityGlobals) = postSolution
		SolutionGuid = {B0CD5322-C13C-4ACC-BFFA-75586BB00B84}
	EndGlobalSection
EndGlobal
