
Microsoft Visual Studio Solution File, Format Version 12.00
# Visual Studio Version 17
VisualStudioVersion = 17.3.32819.101
MinimumVisualStudioVersion = 10.0.40219.1
Project("{FAE04EC0-301F-11D3-BF4B-00C04F79EFBC}") = "cycleWhile(3)", "cycleWhile(3)\cycleWhile(3).csproj", "{96E84FCB-88FF-4A30-9D91-837FFE766D2F}"
EndProject
Global
	GlobalSection(SolutionConfigurationPlatforms) = preSolution
		Debug|Any CPU = Debug|Any CPU
		Release|Any CPU = Release|Any CPU
	EndGlobalSection
	GlobalSection(ProjectConfigurationPlatforms) = postSolution
		{96E84FCB-88FF-4A30-9D91-837FFE766D2F}.Debug|Any CPU.ActiveCfg = Debug|Any CPU
		{96E84FCB-88FF-4A30-9D91-837FFE766D2F}.Debug|Any CPU.Build.0 = Debug|Any CPU
		{96E84FCB-88FF-4A30-9D91-837FFE766D2F}.Release|Any CPU.ActiveCfg = Release|Any CPU
		{96E84FCB-88FF-4A30-9D91-837FFE766D2F}.Release|Any CPU.Build.0 = Release|Any CPU
	EndGlobalSection
	GlobalSection(SolutionProperties) = preSolution
		HideSolutionNode = FALSE
	EndGlobalSection
	GlobalSection(ExtensibilityGlobals) = postSolution
		SolutionGuid = {5867C59C-8FE2-45DA-898B-6CC3E7E4ADF7}
	EndGlobalSection
EndGlobal
