
Microsoft Visual Studio Solution File, Format Version 12.00
# Visual Studio Version 17
VisualStudioVersion = 17.3.32819.101
MinimumVisualStudioVersion = 10.0.40219.1
Project("{FAE04EC0-301F-11D3-BF4B-00C04F79EFBC}") = "cycleWhile", "cycleWhile\cycleWhile.csproj", "{A061F45C-DC5A-4C2D-8965-9327AE0CFA82}"
EndProject
Global
	GlobalSection(SolutionConfigurationPlatforms) = preSolution
		Debug|Any CPU = Debug|Any CPU
		Release|Any CPU = Release|Any CPU
	EndGlobalSection
	GlobalSection(ProjectConfigurationPlatforms) = postSolution
		{A061F45C-DC5A-4C2D-8965-9327AE0CFA82}.Debug|Any CPU.ActiveCfg = Debug|Any CPU
		{A061F45C-DC5A-4C2D-8965-9327AE0CFA82}.Debug|Any CPU.Build.0 = Debug|Any CPU
		{A061F45C-DC5A-4C2D-8965-9327AE0CFA82}.Release|Any CPU.ActiveCfg = Release|Any CPU
		{A061F45C-DC5A-4C2D-8965-9327AE0CFA82}.Release|Any CPU.Build.0 = Release|Any CPU
	EndGlobalSection
	GlobalSection(SolutionProperties) = preSolution
		HideSolutionNode = FALSE
	EndGlobalSection
	GlobalSection(ExtensibilityGlobals) = postSolution
		SolutionGuid = {CDC0B2CA-40C1-4838-BCE5-1A06F492A4E3}
	EndGlobalSection
EndGlobal
